// !$*UTF8*$!
{
	archiveVersion = 1;
	classes = {
	};
	objectVersion = 46;
	objects = {

/* Begin PBXBuildFile section */
		554571D61AD71B3700768854 /* TableViewCell.swift in Sources */ = {isa = PBXBuildFile; fileRef = 554571D51AD71B3700768854 /* TableViewCell.swift */; };
		554571D81AD7369200768854 /* CellController.swift in Sources */ = {isa = PBXBuildFile; fileRef = 554571D71AD7369200768854 /* CellController.swift */; };
		554784001ACEFC4F00457BF4 /* AppDelegate.swift in Sources */ = {isa = PBXBuildFile; fileRef = 554783FF1ACEFC4F00457BF4 /* AppDelegate.swift */; };
		554784021ACEFC4F00457BF4 /* ViewController.swift in Sources */ = {isa = PBXBuildFile; fileRef = 554784011ACEFC4F00457BF4 /* ViewController.swift */; };
		554784051ACEFC4F00457BF4 /* Main.storyboard in Resources */ = {isa = PBXBuildFile; fileRef = 554784031ACEFC4F00457BF4 /* Main.storyboard */; };
		554784071ACEFC4F00457BF4 /* Images.xcassets in Resources */ = {isa = PBXBuildFile; fileRef = 554784061ACEFC4F00457BF4 /* Images.xcassets */; };
		5547840A1ACEFC4F00457BF4 /* LaunchScreen.xib in Resources */ = {isa = PBXBuildFile; fileRef = 554784081ACEFC4F00457BF4 /* LaunchScreen.xib */; };
		554784161ACEFC4F00457BF4 /* plussdkTests.swift in Sources */ = {isa = PBXBuildFile; fileRef = 554784151ACEFC4F00457BF4 /* plussdkTests.swift */; };
		554784221ACEFCD200457BF4 /* GoogleOpenSource.framework in Frameworks */ = {isa = PBXBuildFile; fileRef = 5547841F1ACEFCD200457BF4 /* GoogleOpenSource.framework */; };
		554784231ACEFCD200457BF4 /* GooglePlus.bundle in Resources */ = {isa = PBXBuildFile; fileRef = 554784201ACEFCD200457BF4 /* GooglePlus.bundle */; };
		554784241ACEFCD200457BF4 /* GooglePlus.framework in Frameworks */ = {isa = PBXBuildFile; fileRef = 554784211ACEFCD200457BF4 /* GooglePlus.framework */; };
/* End PBXBuildFile section */

/* Begin PBXContainerItemProxy section */
		554784101ACEFC4F00457BF4 /* PBXContainerItemProxy */ = {
			isa = PBXContainerItemProxy;
			containerPortal = 554783F21ACEFC4F00457BF4 /* Project object */;
			proxyType = 1;
			remoteGlobalIDString = 554783F91ACEFC4F00457BF4;
			remoteInfo = plussdk;
		};
/* End PBXContainerItemProxy section */

/* Begin PBXFileReference section */
		554571D51AD71B3700768854 /* TableViewCell.swift */ = {isa = PBXFileReference; fileEncoding = 4; lastKnownFileType = sourcecode.swift; path = TableViewCell.swift; sourceTree = "<group>"; };
		554571D71AD7369200768854 /* CellController.swift */ = {isa = PBXFileReference; fileEncoding = 4; lastKnownFileType = sourcecode.swift; path = CellController.swift; sourceTree = "<group>"; };
		554783FA1ACEFC4F00457BF4 /* plussdk.app */ = {isa = PBXFileReference; explicitFileType = wrapper.application; includeInIndex = 0; path = plussdk.app; sourceTree = BUILT_PRODUCTS_DIR; };
		554783FE1ACEFC4F00457BF4 /* Info.plist */ = {isa = PBXFileReference; lastKnownFileType = text.plist.xml; path = Info.plist; sourceTree = "<group>"; };
		554783FF1ACEFC4F00457BF4 /* AppDelegate.swift */ = {isa = PBXFileReference; lastKnownFileType = sourcecode.swift; path = AppDelegate.swift; sourceTree = "<group>"; };
		554784011ACEFC4F00457BF4 /* ViewController.swift */ = {isa = PBXFileReference; lastKnownFileType = sourcecode.swift; path = ViewController.swift; sourceTree = "<group>"; };
		554784041ACEFC4F00457BF4 /* Base */ = {isa = PBXFileReference; lastKnownFileType = file.storyboard; name = Base; path = Base.lproj/Main.storyboard; sourceTree = "<group>"; };
		554784061ACEFC4F00457BF4 /* Images.xcassets */ = {isa = PBXFileReference; lastKnownFileType = folder.assetcatalog; path = Images.xcassets; sourceTree = "<group>"; };
		554784091ACEFC4F00457BF4 /* Base */ = {isa = PBXFileReference; lastKnownFileType = file.xib; name = Base; path = Base.lproj/LaunchScreen.xib; sourceTree = "<group>"; };
		5547840F1ACEFC4F00457BF4 /* plussdkTests.xctest */ = {isa = PBXFileReference; explicitFileType = wrapper.cfbundle; includeInIndex = 0; path = plussdkTests.xctest; sourceTree = BUILT_PRODUCTS_DIR; };
		554784141ACEFC4F00457BF4 /* Info.plist */ = {isa = PBXFileReference; lastKnownFileType = text.plist.xml; path = Info.plist; sourceTree = "<group>"; };
		554784151ACEFC4F00457BF4 /* plussdkTests.swift */ = {isa = PBXFileReference; lastKnownFileType = sourcecode.swift; path = plussdkTests.swift; sourceTree = "<group>"; };
		5547841F1ACEFCD200457BF4 /* GoogleOpenSource.framework */ = {isa = PBXFileReference; lastKnownFileType = wrapper.framework; path = GoogleOpenSource.framework; sourceTree = "<group>"; };
		554784201ACEFCD200457BF4 /* GooglePlus.bundle */ = {isa = PBXFileReference; lastKnownFileType = "wrapper.plug-in"; path = GooglePlus.bundle; sourceTree = "<group>"; };
		554784211ACEFCD200457BF4 /* GooglePlus.framework */ = {isa = PBXFileReference; lastKnownFileType = wrapper.framework; path = GooglePlus.framework; sourceTree = "<group>"; };
		554784381ACF103100457BF4 /* Bridging-Header.h */ = {isa = PBXFileReference; fileEncoding = 4; lastKnownFileType = sourcecode.c.h; path = "Bridging-Header.h"; sourceTree = "<group>"; };
/* End PBXFileReference section */

/* Begin PBXFrameworksBuildPhase section */
		554783F71ACEFC4F00457BF4 /* Frameworks */ = {
			isa = PBXFrameworksBuildPhase;
			buildActionMask = 2147483647;
			files = (
				554784221ACEFCD200457BF4 /* GoogleOpenSource.framework in Frameworks */,
				554784241ACEFCD200457BF4 /* GooglePlus.framework in Frameworks */,
			);
			runOnlyForDeploymentPostprocessing = 0;
		};
		5547840C1ACEFC4F00457BF4 /* Frameworks */ = {
			isa = PBXFrameworksBuildPhase;
			buildActionMask = 2147483647;
			files = (
			);
			runOnlyForDeploymentPostprocessing = 0;
		};
/* End PBXFrameworksBuildPhase section */

/* Begin PBXGroup section */
		554783F11ACEFC4F00457BF4 = {
			isa = PBXGroup;
			children = (
				554783FC1ACEFC4F00457BF4 /* plussdk */,
				554784121ACEFC4F00457BF4 /* plussdkTests */,
				554783FB1ACEFC4F00457BF4 /* Products */,
			);
			sourceTree = "<group>";
		};
		554783FB1ACEFC4F00457BF4 /* Products */ = {
			isa = PBXGroup;
			children = (
				554783FA1ACEFC4F00457BF4 /* plussdk.app */,
				5547840F1ACEFC4F00457BF4 /* plussdkTests.xctest */,
			);
			name = Products;
			sourceTree = "<group>";
		};
		554783FC1ACEFC4F00457BF4 /* plussdk */ = {
			isa = PBXGroup;
			children = (
				554783FF1ACEFC4F00457BF4 /* AppDelegate.swift */,
				554571D51AD71B3700768854 /* TableViewCell.swift */,
				554784031ACEFC4F00457BF4 /* Main.storyboard */,
				554784061ACEFC4F00457BF4 /* Images.xcassets */,
				554784381ACF103100457BF4 /* Bridging-Header.h */,
				554784081ACEFC4F00457BF4 /* LaunchScreen.xib */,
				554784011ACEFC4F00457BF4 /* ViewController.swift */,
				554571D71AD7369200768854 /* CellController.swift */,
				554783FD1ACEFC4F00457BF4 /* Supporting Files */,
			);
			path = plussdk;
			sourceTree = "<group>";
		};
		554783FD1ACEFC4F00457BF4 /* Supporting Files */ = {
			isa = PBXGroup;
			children = (
				5547841F1ACEFCD200457BF4 /* GoogleOpenSource.framework */,
				554784201ACEFCD200457BF4 /* GooglePlus.bundle */,
				554784211ACEFCD200457BF4 /* GooglePlus.framework */,
				554783FE1ACEFC4F00457BF4 /* Info.plist */,
			);
			name = "Supporting Files";
			sourceTree = "<group>";
		};
		554784121ACEFC4F00457BF4 /* plussdkTests */ = {
			isa = PBXGroup;
			children = (
				554784151ACEFC4F00457BF4 /* plussdkTests.swift */,
				554784131ACEFC4F00457BF4 /* Supporting Files */,
			);
			path = plussdkTests;
			sourceTree = "<group>";
		};
		554784131ACEFC4F00457BF4 /* Supporting Files */ = {
			isa = PBXGroup;
			children = (
				554784141ACEFC4F00457BF4 /* Info.plist */,
			);
			name = "Supporting Files";
			sourceTree = "<group>";
		};
/* End PBXGroup section */

/* Begin PBXNativeTarget section */
		554783F91ACEFC4F00457BF4 /* plussdk */ = {
			isa = PBXNativeTarget;
			buildConfigurationList = 554784191ACEFC4F00457BF4 /* Build configuration list for PBXNativeTarget "plussdk" */;
			buildPhases = (
				554783F61ACEFC4F00457BF4 /* Sources */,
				554783F71ACEFC4F00457BF4 /* Frameworks */,
				554783F81ACEFC4F00457BF4 /* Resources */,
			);
			buildRules = (
			);
			dependencies = (
			);
			name = plussdk;
			productName = plussdk;
			productReference = 554783FA1ACEFC4F00457BF4 /* plussdk.app */;
			productType = "com.apple.product-type.application";
		};
		5547840E1ACEFC4F00457BF4 /* plussdkTests */ = {
			isa = PBXNativeTarget;
			buildConfigurationList = 5547841C1ACEFC4F00457BF4 /* Build configuration list for PBXNativeTarget "plussdkTests" */;
			buildPhases = (
				5547840B1ACEFC4F00457BF4 /* Sources */,
				5547840C1ACEFC4F00457BF4 /* Frameworks */,
				5547840D1ACEFC4F00457BF4 /* Resources */,
			);
			buildRules = (
			);
			dependencies = (
				554784111ACEFC4F00457BF4 /* PBXTargetDependency */,
			);
			name = plussdkTests;
			productName = plussdkTests;
			productReference = 5547840F1ACEFC4F00457BF4 /* plussdkTests.xctest */;
			productType = "com.apple.product-type.bundle.unit-test";
		};
/* End PBXNativeTarget section */

/* Begin PBXProject section */
		554783F21ACEFC4F00457BF4 /* Project object */ = {
			isa = PBXProject;
			attributes = {
				LastUpgradeCheck = 0620;
				ORGANIZATIONNAME = "Dong Li";
				TargetAttributes = {
					554783F91ACEFC4F00457BF4 = {
						CreatedOnToolsVersion = 6.2;
					};
					5547840E1ACEFC4F00457BF4 = {
						CreatedOnToolsVersion = 6.2;
						TestTargetID = 554783F91ACEFC4F00457BF4;
					};
				};
			};
			buildConfigurationList = 554783F51ACEFC4F00457BF4 /* Build configuration list for PBXProject "plussdk" */;
			compatibilityVersion = "Xcode 3.2";
			developmentRegion = English;
			hasScannedForEncodings = 0;
			knownRegions = (
				en,
				Base,
			);
			mainGroup = 554783F11ACEFC4F00457BF4;
			productRefGroup = 554783FB1ACEFC4F00457BF4 /* Products */;
			projectDirPath = "";
			projectRoot = "";
			targets = (
				554783F91ACEFC4F00457BF4 /* plussdk */,
				5547840E1ACEFC4F00457BF4 /* plussdkTests */,
			);
		};
/* End PBXProject section */

/* Begin PBXResourcesBuildPhase section */
		554783F81ACEFC4F00457BF4 /* Resources */ = {
			isa = PBXResourcesBuildPhase;
			buildActionMask = 2147483647;
			files = (
				554784051ACEFC4F00457BF4 /* Main.storyboard in Resources */,
				5547840A1ACEFC4F00457BF4 /* LaunchScreen.xib in Resources */,
				554784231ACEFCD200457BF4 /* GooglePlus.bundle in Resources */,
				554784071ACEFC4F00457BF4 /* Images.xcassets in Resources */,
			);
			runOnlyForDeploymentPostprocessing = 0;
		};
		5547840D1ACEFC4F00457BF4 /* Resources */ = {
			isa = PBXResourcesBuildPhase;
			buildActionMask = 2147483647;
			files = (
			);
			runOnlyForDeploymentPostprocessing = 0;
		};
/* End PBXResourcesBuildPhase section */

/* Begin PBXSourcesBuildPhase section */
		554783F61ACEFC4F00457BF4 /* Sources */ = {
			isa = PBXSourcesBuildPhase;
			buildActionMask = 2147483647;
			files = (
				554571D61AD71B3700768854 /* TableViewCell.swift in Sources */,
				554784021ACEFC4F00457BF4 /* ViewController.swift in Sources */,
				554784001ACEFC4F00457BF4 /* AppDelegate.swift in Sources */,
				554571D81AD7369200768854 /* CellController.swift in Sources */,
			);
			runOnlyForDeploymentPostprocessing = 0;
		};
		5547840B1ACEFC4F00457BF4 /* Sources */ = {
			isa = PBXSourcesBuildPhase;
			buildActionMask = 2147483647;
			files = (
				554784161ACEFC4F00457BF4 /* plussdkTests.swift in Sources */,
			);
			runOnlyForDeploymentPostprocessing = 0;
		};
/* End PBXSourcesBuildPhase section */

/* Begin PBXTargetDependency section */
		554784111ACEFC4F00457BF4 /* PBXTargetDependency */ = {
			isa = PBXTargetDependency;
			target = 554783F91ACEFC4F00457BF4 /* plussdk */;
			targetProxy = 554784101ACEFC4F00457BF4 /* PBXContainerItemProxy */;
		};
/* End PBXTargetDependency section */

/* Begin PBXVariantGroup section */
		554784031ACEFC4F00457BF4 /* Main.storyboard */ = {
			isa = PBXVariantGroup;
			children = (
				554784041ACEFC4F00457BF4 /* Base */,
			);
			name = Main.storyboard;
			sourceTree = "<group>";
		};
		554784081ACEFC4F00457BF4 /* LaunchScreen.xib */ = {
			isa = PBXVariantGroup;
			children = (
				554784091ACEFC4F00457BF4 /* Base */,
			);
			name = LaunchScreen.xib;
			sourceTree = "<group>";
		};
/* End PBXVariantGroup section */

/* Begin XCBuildConfiguration section */
		554784171ACEFC4F00457BF4 /* Debug */ = {
			isa = XCBuildConfiguration;
			buildSettings = {
				ALWAYS_SEARCH_USER_PATHS = NO;
				CLANG_CXX_LANGUAGE_STANDARD = "gnu++0x";
				CLANG_CXX_LIBRARY = "libc++";
				CLANG_ENABLE_MODULES = YES;
				CLANG_ENABLE_OBJC_ARC = YES;
				CLANG_WARN_BOOL_CONVERSION = YES;
				CLANG_WARN_CONSTANT_CONVERSION = YES;
				CLANG_WARN_DIRECT_OBJC_ISA_USAGE = YES_ERROR;
				CLANG_WARN_EMPTY_BODY = YES;
				CLANG_WARN_ENUM_CONVERSION = YES;
				CLANG_WARN_INT_CONVERSION = YES;
				CLANG_WARN_OBJC_ROOT_CLASS = YES_ERROR;
				CLANG_WARN_UNREACHABLE_CODE = YES;
				CLANG_WARN__DUPLICATE_METHOD_MATCH = YES;
				"CODE_SIGN_IDENTITY[sdk=iphoneos*]" = "iPhone Developer";
				COPY_PHASE_STRIP = NO;
				ENABLE_STRICT_OBJC_MSGSEND = YES;
				GCC_C_LANGUAGE_STANDARD = gnu99;
				GCC_DYNAMIC_NO_PIC = NO;
				GCC_OPTIMIZATION_LEVEL = 0;
				GCC_PREPROCESSOR_DEFINITIONS = (
					"DEBUG=1",
					"$(inherited)",
				);
				GCC_SYMBOLS_PRIVATE_EXTERN = NO;
				GCC_WARN_64_TO_32_BIT_CONVERSION = YES;
				GCC_WARN_ABOUT_RETURN_TYPE = YES_ERROR;
				GCC_WARN_UNDECLARED_SELECTOR = YES;
				GCC_WARN_UNINITIALIZED_AUTOS = YES_AGGRESSIVE;
				GCC_WARN_UNUSED_FUNCTION = YES;
				GCC_WARN_UNUSED_VARIABLE = YES;
				IPHONEOS_DEPLOYMENT_TARGET = 8.2;
				MTL_ENABLE_DEBUG_INFO = YES;
				ONLY_ACTIVE_ARCH = YES;
				SDKROOT = iphoneos;
				SWIFT_OPTIMIZATION_LEVEL = "-Onone";
			};
			name = Debug;
		};
		554784181ACEFC4F00457BF4 /* Release */ = {
			isa = XCBuildConfiguration;
			buildSettings = {
				ALWAYS_SEARCH_USER_PATHS = NO;
				CLANG_CXX_LANGUAGE_STANDARD = "gnu++0x";
				CLANG_CXX_LIBRARY = "libc++";
				CLANG_ENABLE_MODULES = YES;
				CLANG_ENABLE_OBJC_ARC = YES;
				CLANG_WARN_BOOL_CONVERSION = YES;
				CLANG_WARN_CONSTANT_CONVERSION = YES;
				CLANG_WARN_DIRECT_OBJC_ISA_USAGE = YES_ERROR;
				CLANG_WARN_EMPTY_BODY = YES;
				CLANG_WARN_ENUM_CONVERSION = YES;
				CLANG_WARN_INT_CONVERSION = YES;
				CLANG_WARN_OBJC_ROOT_CLASS = YES_ERROR;
				CLANG_WARN_UNREACHABLE_CODE = YES;
				CLANG_WARN__DUPLICATE_METHOD_MATCH = YES;
				"CODE_SIGN_IDENTITY[sdk=iphoneos*]" = "iPhone Developer";
				COPY_PHASE_STRIP = NO;
				ENABLE_NS_ASSERTIONS = NO;
				ENABLE_STRICT_OBJC_MSGSEND = YES;
				GCC_C_LANGUAGE_STANDARD = gnu99;
				GCC_WARN_64_TO_32_BIT_CONVERSION = YES;
				GCC_WARN_ABOUT_RETURN_TYPE = YES_ERROR;
				GCC_WARN_UNDECLARED_SELECTOR = YES;
				GCC_WARN_UNINITIALIZED_AUTOS = YES_AGGRESSIVE;
				GCC_WARN_UNUSED_FUNCTION = YES;
				GCC_WARN_UNUSED_VARIABLE = YES;
				IPHONEOS_DEPLOYMENT_TARGET = 8.2;
				MTL_ENABLE_DEBUG_INFO = NO;
				SDKROOT = iphoneos;
				VALIDATE_PRODUCT = YES;
			};
			name = Release;
		};
		5547841A1ACEFC4F00457BF4 /* Debug */ = {
			isa = XCBuildConfiguration;
			buildSettings = {
				ASSETCATALOG_COMPILER_APPICON_NAME = AppIcon;
				FRAMEWORK_SEARCH_PATHS = (
					"$(inherited)",
					"$(PROJECT_DIR)/plussdk",
				);
				INFOPLIST_FILE = plussdk/Info.plist;
				LD_RUNPATH_SEARCH_PATHS = "$(inherited) @executable_path/Frameworks";
				New_Setting = "";
				OTHER_LDFLAGS = "-ObjC";
				PRODUCT_NAME = "$(TARGET_NAME)";
				SWIFT_OBJC_BRIDGING_HEADER = "plussdk/Bridging-Header.h";
			};
			name = Debug;
		};
		5547841B1ACEFC4F00457BF4 /* Release */ = {
			isa = XCBuildConfiguration;
			buildSettings = {
				ASSETCATALOG_COMPILER_APPICON_NAME = AppIcon;
				FRAMEWORK_SEARCH_PATHS = (
					"$(inherited)",
					"$(PROJECT_DIR)/plussdk",
				);
				INFOPLIST_FILE = plussdk/Info.plist;
				LD_RUNPATH_SEARCH_PATHS = "$(inherited) @executable_path/Frameworks";
				New_Setting = "";
				OTHER_LDFLAGS = "-ObjC";
				PRODUCT_NAME = "$(TARGET_NAME)";
				SWIFT_OBJC_BRIDGING_HEADER = "plussdk/Bridging-Header.h";
			};
			name = Release;
		};
		5547841D1ACEFC4F00457BF4 /* Debug */ = {
			isa = XCBuildConfiguration;
			buildSettings = {
				BUNDLE_LOADER = "$(TEST_HOST)";
				FRAMEWORK_SEARCH_PATHS = (
					"$(SDKROOT)/Developer/Library/Frameworks",
					"$(inherited)",
				);
				GCC_PREPROCESSOR_DEFINITIONS = (
					"DEBUG=1",
					"$(inherited)",
				);
				INFOPLIST_FILE = plussdkTests/Info.plist;
				LD_RUNPATH_SEARCH_PATHS = "$(inherited) @executable_path/Frameworks @loader_path/Frameworks";
				PRODUCT_NAME = "$(TARGET_NAME)";
				TEST_HOST = "$(BUILT_PRODUCTS_DIR)/plussdk.app/plussdk";
			};
			name = Debug;
		};
		5547841E1ACEFC4F00457BF4 /* Release */ = {
			isa = XCBuildConfiguration;
			buildSettings = {
				BUNDLE_LOADER = "$(TEST_HOST)";
				FRAMEWORK_SEARCH_PATHS = (
					"$(SDKROOT)/Developer/Library/Frameworks",
					"$(inherited)",
				);
				INFOPLIST_FILE = plussdkTests/Info.plist;
				LD_RUNPATH_SEARCH_PATHS = "$(inherited) @executable_path/Frameworks @loader_path/Frameworks";
				PRODUCT_NAME = "$(TARGET_NAME)";
				TEST_HOST = "$(BUILT_PRODUCTS_DIR)/plussdk.app/plussdk";
			};
			name = Release;
		};
/* End XCBuildConfiguration section */

/* Begin XCConfigurationList section */
		554783F51ACEFC4F00457BF4 /* Build configuration list for PBXProject "plussdk" */ = {
			isa = XCConfigurationList;
			buildConfigurations = (
				554784171ACEFC4F00457BF4 /* Debug */,
				554784181ACEFC4F00457BF4 /* Release */,
			);
			defaultConfigurationIsVisible = 0;
			defaultConfigurationName = Release;
		};
		554784191ACEFC4F00457BF4 /* Build configuration list for PBXNativeTarget "plussdk" */ = {
			isa = XCConfigurationList;
			buildConfigurations = (
				5547841A1ACEFC4F00457BF4 /* Debug */,
				5547841B1ACEFC4F00457BF4 /* Release */,
			);
			defaultConfigurationIsVisible = 0;
			defaultConfigurationName = Release;
		};
		5547841C1ACEFC4F00457BF4 /* Build configuration list for PBXNativeTarget "plussdkTests" */ = {
			isa = XCConfigurationList;
			buildConfigurations = (
				5547841D1ACEFC4F00457BF4 /* Debug */,
				5547841E1ACEFC4F00457BF4 /* Release */,
			);
			defaultConfigurationIsVisible = 0;
			defaultConfigurationName = Release;
		};
/* End XCConfigurationList section */
	};
	rootObject = 554783F21ACEFC4F00457BF4 /* Project object */;
}
