// !$*UTF8*$!
{
	archiveVersion = 1;
	classes = {
	};
	objectVersion = 46;
	objects = {

/* Begin PBXBuildFile section */
		551BC69E1AF0607D004F1E00 /* Parse.framework in Frameworks */ = {isa = PBXBuildFile; fileRef = 551BC69D1AF0607D004F1E00 /* Parse.framework */; };
		551BC6A01AF06084004F1E00 /* Bolts.framework in Frameworks */ = {isa = PBXBuildFile; fileRef = 551BC69F1AF06084004F1E00 /* Bolts.framework */; };
		551BC6A21AF060D6004F1E00 /* AudioToolbox.framework in Frameworks */ = {isa = PBXBuildFile; fileRef = 551BC6A11AF060D6004F1E00 /* AudioToolbox.framework */; };
		551BC6A41AF060E2004F1E00 /* CFNetwork.framework in Frameworks */ = {isa = PBXBuildFile; fileRef = 551BC6A31AF060E2004F1E00 /* CFNetwork.framework */; };
		551BC6A61AF060F0004F1E00 /* CoreGraphics.framework in Frameworks */ = {isa = PBXBuildFile; fileRef = 551BC6A51AF060F0004F1E00 /* CoreGraphics.framework */; };
		551BC6A81AF060FC004F1E00 /* CoreLocation.framework in Frameworks */ = {isa = PBXBuildFile; fileRef = 551BC6A71AF060FC004F1E00 /* CoreLocation.framework */; };
		551BC6AA1AF06113004F1E00 /* MobileCoreServices.framework in Frameworks */ = {isa = PBXBuildFile; fileRef = 551BC6A91AF06113004F1E00 /* MobileCoreServices.framework */; };
		551BC6AC1AF06120004F1E00 /* QuartzCore.framework in Frameworks */ = {isa = PBXBuildFile; fileRef = 551BC6AB1AF06120004F1E00 /* QuartzCore.framework */; };
		551BC6AE1AF0612E004F1E00 /* Security.framework in Frameworks */ = {isa = PBXBuildFile; fileRef = 551BC6AD1AF0612E004F1E00 /* Security.framework */; };
		551BC6B01AF06138004F1E00 /* StoreKit.framework in Frameworks */ = {isa = PBXBuildFile; fileRef = 551BC6AF1AF06138004F1E00 /* StoreKit.framework */; };
		551BC6B21AF06142004F1E00 /* SystemConfiguration.framework in Frameworks */ = {isa = PBXBuildFile; fileRef = 551BC6B11AF06142004F1E00 /* SystemConfiguration.framework */; };
		551BC6B41AF0615B004F1E00 /* libz.dylib in Frameworks */ = {isa = PBXBuildFile; fileRef = 551BC6B31AF0615B004F1E00 /* libz.dylib */; };
		551BC6B61AF06189004F1E00 /* libsqlite3.dylib in Frameworks */ = {isa = PBXBuildFile; fileRef = 551BC6B51AF06189004F1E00 /* libsqlite3.dylib */; };
		551BC6B81AF06190004F1E00 /* Accounts.framework in Frameworks */ = {isa = PBXBuildFile; fileRef = 551BC6B71AF06190004F1E00 /* Accounts.framework */; };
		551BC6BA1AF0619C004F1E00 /* Social.framework in Frameworks */ = {isa = PBXBuildFile; fileRef = 551BC6B91AF0619C004F1E00 /* Social.framework */; };
		801AD9971AF69530005A3FF4 /* NotificationCenterFunc.swift in Sources */ = {isa = PBXBuildFile; fileRef = 801AD9961AF69530005A3FF4 /* NotificationCenterFunc.swift */; };
		801AD9991AF697DF005A3FF4 /* ColorEnum.swift in Sources */ = {isa = PBXBuildFile; fileRef = 801AD9981AF697DF005A3FF4 /* ColorEnum.swift */; };
<<<<<<< HEAD
		802060621AF81A3100EE7916 /* MissingTableView.swift in Sources */ = {isa = PBXBuildFile; fileRef = 802060611AF81A3100EE7916 /* MissingTableView.swift */; };
		802060671AF81A4D00EE7916 /* check@2x.png in Resources */ = {isa = PBXBuildFile; fileRef = 802060631AF81A4D00EE7916 /* check@2x.png */; };
		802060681AF81A4D00EE7916 /* clock@2x.png in Resources */ = {isa = PBXBuildFile; fileRef = 802060641AF81A4D00EE7916 /* clock@2x.png */; };
		802060691AF81A4D00EE7916 /* cross@2x.png in Resources */ = {isa = PBXBuildFile; fileRef = 802060651AF81A4D00EE7916 /* cross@2x.png */; };
		8020606A1AF81A4D00EE7916 /* list@2x.png in Resources */ = {isa = PBXBuildFile; fileRef = 802060661AF81A4D00EE7916 /* list@2x.png */; };
		802060701AF81A7600EE7916 /* MGSwipeButton.m in Sources */ = {isa = PBXBuildFile; fileRef = 8020606D1AF81A7600EE7916 /* MGSwipeButton.m */; };
		802060711AF81A7600EE7916 /* MGSwipeTableCell.m in Sources */ = {isa = PBXBuildFile; fileRef = 8020606F1AF81A7600EE7916 /* MGSwipeTableCell.m */; };
		802060731AF81B2300EE7916 /* GlobalFunc.swift in Sources */ = {isa = PBXBuildFile; fileRef = 802060721AF81B2300EE7916 /* GlobalFunc.swift */; };
=======
>>>>>>> origin/master
		8025D6771AE2C9EC007B412B /* ma_leftArrow.png in Resources */ = {isa = PBXBuildFile; fileRef = 8025D6721AE2C9EC007B412B /* ma_leftArrow.png */; };
		8025D6781AE2C9EC007B412B /* ma_leftArrow@2x.png in Resources */ = {isa = PBXBuildFile; fileRef = 8025D6731AE2C9EC007B412B /* ma_leftArrow@2x.png */; };
		8025D6791AE2C9EC007B412B /* ma_rightArrow.png in Resources */ = {isa = PBXBuildFile; fileRef = 8025D6741AE2C9EC007B412B /* ma_rightArrow.png */; };
		8025D67A1AE2C9EC007B412B /* ma_rightArrow@2x.png in Resources */ = {isa = PBXBuildFile; fileRef = 8025D6751AE2C9EC007B412B /* ma_rightArrow@2x.png */; };
		8025D67B1AE2C9EC007B412B /* ma_topBackground.png in Resources */ = {isa = PBXBuildFile; fileRef = 8025D6761AE2C9EC007B412B /* ma_topBackground.png */; };
		8025D67F1AE2C9F1007B412B /* MAEventKitDataSource.m in Sources */ = {isa = PBXBuildFile; fileRef = 8025D67E1AE2C9F1007B412B /* MAEventKitDataSource.m */; };
		8025D68B1AE2C9F7007B412B /* MADayView.m in Sources */ = {isa = PBXBuildFile; fileRef = 8025D6821AE2C9F7007B412B /* MADayView.m */; };
		8025D68C1AE2C9F7007B412B /* MAEvent.m in Sources */ = {isa = PBXBuildFile; fileRef = 8025D6841AE2C9F7007B412B /* MAEvent.m */; };
		8025D68D1AE2C9F7007B412B /* MAGridView.m in Sources */ = {isa = PBXBuildFile; fileRef = 8025D6861AE2C9F7007B412B /* MAGridView.m */; };
		8025D68E1AE2C9F7007B412B /* MAWeekView.m in Sources */ = {isa = PBXBuildFile; fileRef = 8025D6881AE2C9F7007B412B /* MAWeekView.m */; };
		8025D68F1AE2C9F7007B412B /* TapDetectingView.m in Sources */ = {isa = PBXBuildFile; fileRef = 8025D68A1AE2C9F7007B412B /* TapDetectingView.m */; };
		8025D6911AE2CA9E007B412B /* DaySmallViewController.swift in Sources */ = {isa = PBXBuildFile; fileRef = 8025D6901AE2CA9E007B412B /* DaySmallViewController.swift */; };
		8025D6931AE2CBCD007B412B /* Singleton.swift in Sources */ = {isa = PBXBuildFile; fileRef = 8025D6921AE2CBCD007B412B /* Singleton.swift */; };
		8025D6951AE2D3E1007B412B /* DayDetailViewController.swift in Sources */ = {isa = PBXBuildFile; fileRef = 8025D6941AE2D3E1007B412B /* DayDetailViewController.swift */; };
		80FAE5BA1AD33FC0002D9E65 /* AppDelegate.swift in Sources */ = {isa = PBXBuildFile; fileRef = 80FAE5B91AD33FC0002D9E65 /* AppDelegate.swift */; };
		80FAE5BC1AD33FC0002D9E65 /* ViewController.swift in Sources */ = {isa = PBXBuildFile; fileRef = 80FAE5BB1AD33FC0002D9E65 /* ViewController.swift */; };
		80FAE5BF1AD33FC0002D9E65 /* Main.storyboard in Resources */ = {isa = PBXBuildFile; fileRef = 80FAE5BD1AD33FC0002D9E65 /* Main.storyboard */; };
		80FAE5C11AD33FC0002D9E65 /* Images.xcassets in Resources */ = {isa = PBXBuildFile; fileRef = 80FAE5C01AD33FC0002D9E65 /* Images.xcassets */; };
		80FAE5C41AD33FC0002D9E65 /* LaunchScreen.xib in Resources */ = {isa = PBXBuildFile; fileRef = 80FAE5C21AD33FC0002D9E65 /* LaunchScreen.xib */; };
		80FAE5D01AD33FC0002D9E65 /* CalendarSwTests.swift in Sources */ = {isa = PBXBuildFile; fileRef = 80FAE5CF1AD33FC0002D9E65 /* CalendarSwTests.swift */; };
		B9F37F4F1AE6FEE000B97CA4 /* line.png in Resources */ = {isa = PBXBuildFile; fileRef = B9F37F4E1AE6FEE000B97CA4 /* line.png */; };
		D60DB0191D89556BE87F7C0B /* libPods.a in Frameworks */ = {isa = PBXBuildFile; fileRef = 2998A5F23FB3FFDDD57B5966 /* libPods.a */; };
/* End PBXBuildFile section */

/* Begin PBXContainerItemProxy section */
		80FAE5CA1AD33FC0002D9E65 /* PBXContainerItemProxy */ = {
			isa = PBXContainerItemProxy;
			containerPortal = 80FAE5AC1AD33FC0002D9E65 /* Project object */;
			proxyType = 1;
			remoteGlobalIDString = 80FAE5B31AD33FC0002D9E65;
			remoteInfo = CalendarSw;
		};
/* End PBXContainerItemProxy section */

/* Begin PBXFileReference section */
		2998A5F23FB3FFDDD57B5966 /* libPods.a */ = {isa = PBXFileReference; explicitFileType = archive.ar; includeInIndex = 0; path = libPods.a; sourceTree = BUILT_PRODUCTS_DIR; };
		551BC69D1AF0607D004F1E00 /* Parse.framework */ = {isa = PBXFileReference; lastKnownFileType = wrapper.framework; path = Parse.framework; sourceTree = "<group>"; };
		551BC69F1AF06084004F1E00 /* Bolts.framework */ = {isa = PBXFileReference; lastKnownFileType = wrapper.framework; path = Bolts.framework; sourceTree = "<group>"; };
		551BC6A11AF060D6004F1E00 /* AudioToolbox.framework */ = {isa = PBXFileReference; lastKnownFileType = wrapper.framework; name = AudioToolbox.framework; path = System/Library/Frameworks/AudioToolbox.framework; sourceTree = SDKROOT; };
		551BC6A31AF060E2004F1E00 /* CFNetwork.framework */ = {isa = PBXFileReference; lastKnownFileType = wrapper.framework; name = CFNetwork.framework; path = System/Library/Frameworks/CFNetwork.framework; sourceTree = SDKROOT; };
		551BC6A51AF060F0004F1E00 /* CoreGraphics.framework */ = {isa = PBXFileReference; lastKnownFileType = wrapper.framework; name = CoreGraphics.framework; path = System/Library/Frameworks/CoreGraphics.framework; sourceTree = SDKROOT; };
		551BC6A71AF060FC004F1E00 /* CoreLocation.framework */ = {isa = PBXFileReference; lastKnownFileType = wrapper.framework; name = CoreLocation.framework; path = System/Library/Frameworks/CoreLocation.framework; sourceTree = SDKROOT; };
		551BC6A91AF06113004F1E00 /* MobileCoreServices.framework */ = {isa = PBXFileReference; lastKnownFileType = wrapper.framework; name = MobileCoreServices.framework; path = System/Library/Frameworks/MobileCoreServices.framework; sourceTree = SDKROOT; };
		551BC6AB1AF06120004F1E00 /* QuartzCore.framework */ = {isa = PBXFileReference; lastKnownFileType = wrapper.framework; name = QuartzCore.framework; path = System/Library/Frameworks/QuartzCore.framework; sourceTree = SDKROOT; };
		551BC6AD1AF0612E004F1E00 /* Security.framework */ = {isa = PBXFileReference; lastKnownFileType = wrapper.framework; name = Security.framework; path = System/Library/Frameworks/Security.framework; sourceTree = SDKROOT; };
		551BC6AF1AF06138004F1E00 /* StoreKit.framework */ = {isa = PBXFileReference; lastKnownFileType = wrapper.framework; name = StoreKit.framework; path = System/Library/Frameworks/StoreKit.framework; sourceTree = SDKROOT; };
		551BC6B11AF06142004F1E00 /* SystemConfiguration.framework */ = {isa = PBXFileReference; lastKnownFileType = wrapper.framework; name = SystemConfiguration.framework; path = System/Library/Frameworks/SystemConfiguration.framework; sourceTree = SDKROOT; };
		551BC6B31AF0615B004F1E00 /* libz.dylib */ = {isa = PBXFileReference; lastKnownFileType = "compiled.mach-o.dylib"; name = libz.dylib; path = usr/lib/libz.dylib; sourceTree = SDKROOT; };
		551BC6B51AF06189004F1E00 /* libsqlite3.dylib */ = {isa = PBXFileReference; lastKnownFileType = "compiled.mach-o.dylib"; name = libsqlite3.dylib; path = usr/lib/libsqlite3.dylib; sourceTree = SDKROOT; };
		551BC6B71AF06190004F1E00 /* Accounts.framework */ = {isa = PBXFileReference; lastKnownFileType = wrapper.framework; name = Accounts.framework; path = System/Library/Frameworks/Accounts.framework; sourceTree = SDKROOT; };
		551BC6B91AF0619C004F1E00 /* Social.framework */ = {isa = PBXFileReference; lastKnownFileType = wrapper.framework; name = Social.framework; path = System/Library/Frameworks/Social.framework; sourceTree = SDKROOT; };
		801AD9961AF69530005A3FF4 /* NotificationCenterFunc.swift */ = {isa = PBXFileReference; fileEncoding = 4; lastKnownFileType = sourcecode.swift; path = NotificationCenterFunc.swift; sourceTree = "<group>"; };
		801AD9981AF697DF005A3FF4 /* ColorEnum.swift */ = {isa = PBXFileReference; fileEncoding = 4; lastKnownFileType = sourcecode.swift; name = ColorEnum.swift; path = ../ColorEnum.swift; sourceTree = "<group>"; };
<<<<<<< HEAD
		802060611AF81A3100EE7916 /* MissingTableView.swift */ = {isa = PBXFileReference; fileEncoding = 4; lastKnownFileType = sourcecode.swift; path = MissingTableView.swift; sourceTree = "<group>"; };
		802060631AF81A4D00EE7916 /* check@2x.png */ = {isa = PBXFileReference; lastKnownFileType = image.png; path = "check@2x.png"; sourceTree = "<group>"; };
		802060641AF81A4D00EE7916 /* clock@2x.png */ = {isa = PBXFileReference; lastKnownFileType = image.png; path = "clock@2x.png"; sourceTree = "<group>"; };
		802060651AF81A4D00EE7916 /* cross@2x.png */ = {isa = PBXFileReference; lastKnownFileType = image.png; path = "cross@2x.png"; sourceTree = "<group>"; };
		802060661AF81A4D00EE7916 /* list@2x.png */ = {isa = PBXFileReference; lastKnownFileType = image.png; path = "list@2x.png"; sourceTree = "<group>"; };
		8020606C1AF81A7600EE7916 /* MGSwipeButton.h */ = {isa = PBXFileReference; fileEncoding = 4; lastKnownFileType = sourcecode.c.h; path = MGSwipeButton.h; sourceTree = "<group>"; };
		8020606D1AF81A7600EE7916 /* MGSwipeButton.m */ = {isa = PBXFileReference; fileEncoding = 4; lastKnownFileType = sourcecode.c.objc; path = MGSwipeButton.m; sourceTree = "<group>"; };
		8020606E1AF81A7600EE7916 /* MGSwipeTableCell.h */ = {isa = PBXFileReference; fileEncoding = 4; lastKnownFileType = sourcecode.c.h; path = MGSwipeTableCell.h; sourceTree = "<group>"; };
		8020606F1AF81A7600EE7916 /* MGSwipeTableCell.m */ = {isa = PBXFileReference; fileEncoding = 4; lastKnownFileType = sourcecode.c.objc; path = MGSwipeTableCell.m; sourceTree = "<group>"; };
		802060721AF81B2300EE7916 /* GlobalFunc.swift */ = {isa = PBXFileReference; fileEncoding = 4; lastKnownFileType = sourcecode.swift; path = GlobalFunc.swift; sourceTree = "<group>"; };
=======
>>>>>>> origin/master
		8025D6721AE2C9EC007B412B /* ma_leftArrow.png */ = {isa = PBXFileReference; lastKnownFileType = image.png; path = ma_leftArrow.png; sourceTree = "<group>"; };
		8025D6731AE2C9EC007B412B /* ma_leftArrow@2x.png */ = {isa = PBXFileReference; lastKnownFileType = image.png; path = "ma_leftArrow@2x.png"; sourceTree = "<group>"; };
		8025D6741AE2C9EC007B412B /* ma_rightArrow.png */ = {isa = PBXFileReference; lastKnownFileType = image.png; path = ma_rightArrow.png; sourceTree = "<group>"; };
		8025D6751AE2C9EC007B412B /* ma_rightArrow@2x.png */ = {isa = PBXFileReference; lastKnownFileType = image.png; path = "ma_rightArrow@2x.png"; sourceTree = "<group>"; };
		8025D6761AE2C9EC007B412B /* ma_topBackground.png */ = {isa = PBXFileReference; lastKnownFileType = image.png; path = ma_topBackground.png; sourceTree = "<group>"; };
		8025D67D1AE2C9F1007B412B /* MAEventKitDataSource.h */ = {isa = PBXFileReference; fileEncoding = 4; lastKnownFileType = sourcecode.c.h; path = MAEventKitDataSource.h; sourceTree = "<group>"; };
		8025D67E1AE2C9F1007B412B /* MAEventKitDataSource.m */ = {isa = PBXFileReference; fileEncoding = 4; lastKnownFileType = sourcecode.c.objc; path = MAEventKitDataSource.m; sourceTree = "<group>"; };
		8025D6811AE2C9F7007B412B /* MADayView.h */ = {isa = PBXFileReference; fileEncoding = 4; lastKnownFileType = sourcecode.c.h; path = MADayView.h; sourceTree = "<group>"; };
		8025D6821AE2C9F7007B412B /* MADayView.m */ = {isa = PBXFileReference; fileEncoding = 4; lastKnownFileType = sourcecode.c.objc; path = MADayView.m; sourceTree = "<group>"; };
		8025D6831AE2C9F7007B412B /* MAEvent.h */ = {isa = PBXFileReference; fileEncoding = 4; lastKnownFileType = sourcecode.c.h; path = MAEvent.h; sourceTree = "<group>"; };
		8025D6841AE2C9F7007B412B /* MAEvent.m */ = {isa = PBXFileReference; fileEncoding = 4; lastKnownFileType = sourcecode.c.objc; path = MAEvent.m; sourceTree = "<group>"; };
		8025D6851AE2C9F7007B412B /* MAGridView.h */ = {isa = PBXFileReference; fileEncoding = 4; lastKnownFileType = sourcecode.c.h; path = MAGridView.h; sourceTree = "<group>"; };
		8025D6861AE2C9F7007B412B /* MAGridView.m */ = {isa = PBXFileReference; fileEncoding = 4; lastKnownFileType = sourcecode.c.objc; path = MAGridView.m; sourceTree = "<group>"; };
		8025D6871AE2C9F7007B412B /* MAWeekView.h */ = {isa = PBXFileReference; fileEncoding = 4; lastKnownFileType = sourcecode.c.h; path = MAWeekView.h; sourceTree = "<group>"; };
		8025D6881AE2C9F7007B412B /* MAWeekView.m */ = {isa = PBXFileReference; fileEncoding = 4; lastKnownFileType = sourcecode.c.objc; path = MAWeekView.m; sourceTree = "<group>"; };
		8025D6891AE2C9F7007B412B /* TapDetectingView.h */ = {isa = PBXFileReference; fileEncoding = 4; lastKnownFileType = sourcecode.c.h; path = TapDetectingView.h; sourceTree = "<group>"; };
		8025D68A1AE2C9F7007B412B /* TapDetectingView.m */ = {isa = PBXFileReference; fileEncoding = 4; lastKnownFileType = sourcecode.c.objc; path = TapDetectingView.m; sourceTree = "<group>"; };
		8025D6901AE2CA9E007B412B /* DaySmallViewController.swift */ = {isa = PBXFileReference; fileEncoding = 4; lastKnownFileType = sourcecode.swift; path = DaySmallViewController.swift; sourceTree = "<group>"; };
		8025D6921AE2CBCD007B412B /* Singleton.swift */ = {isa = PBXFileReference; fileEncoding = 4; lastKnownFileType = sourcecode.swift; path = Singleton.swift; sourceTree = "<group>"; };
		8025D6941AE2D3E1007B412B /* DayDetailViewController.swift */ = {isa = PBXFileReference; fileEncoding = 4; lastKnownFileType = sourcecode.swift; name = DayDetailViewController.swift; path = ../DayDetailViewController.swift; sourceTree = "<group>"; };
		8082E3281AD3402A00141824 /* JTCalendar_BridgeHeader.h */ = {isa = PBXFileReference; lastKnownFileType = sourcecode.c.h; name = JTCalendar_BridgeHeader.h; path = ../JTCalendar_BridgeHeader.h; sourceTree = "<group>"; };
		80FAE5B41AD33FC0002D9E65 /* CalendarSw.app */ = {isa = PBXFileReference; explicitFileType = wrapper.application; includeInIndex = 0; path = CalendarSw.app; sourceTree = BUILT_PRODUCTS_DIR; };
		80FAE5B81AD33FC0002D9E65 /* Info.plist */ = {isa = PBXFileReference; lastKnownFileType = text.plist.xml; path = Info.plist; sourceTree = "<group>"; };
		80FAE5B91AD33FC0002D9E65 /* AppDelegate.swift */ = {isa = PBXFileReference; lastKnownFileType = sourcecode.swift; path = AppDelegate.swift; sourceTree = "<group>"; };
		80FAE5BB1AD33FC0002D9E65 /* ViewController.swift */ = {isa = PBXFileReference; lastKnownFileType = sourcecode.swift; path = ViewController.swift; sourceTree = "<group>"; };
		80FAE5BE1AD33FC0002D9E65 /* Base */ = {isa = PBXFileReference; lastKnownFileType = file.storyboard; name = Base; path = Base.lproj/Main.storyboard; sourceTree = "<group>"; };
		80FAE5C01AD33FC0002D9E65 /* Images.xcassets */ = {isa = PBXFileReference; lastKnownFileType = folder.assetcatalog; path = Images.xcassets; sourceTree = "<group>"; };
		80FAE5C31AD33FC0002D9E65 /* Base */ = {isa = PBXFileReference; lastKnownFileType = file.xib; name = Base; path = Base.lproj/LaunchScreen.xib; sourceTree = "<group>"; };
		80FAE5C91AD33FC0002D9E65 /* CalendarSwTests.xctest */ = {isa = PBXFileReference; explicitFileType = wrapper.cfbundle; includeInIndex = 0; path = CalendarSwTests.xctest; sourceTree = BUILT_PRODUCTS_DIR; };
		80FAE5CE1AD33FC0002D9E65 /* Info.plist */ = {isa = PBXFileReference; lastKnownFileType = text.plist.xml; path = Info.plist; sourceTree = "<group>"; };
		80FAE5CF1AD33FC0002D9E65 /* CalendarSwTests.swift */ = {isa = PBXFileReference; lastKnownFileType = sourcecode.swift; path = CalendarSwTests.swift; sourceTree = "<group>"; };
		866B887A099315E3541C3B99 /* Pods.debug.xcconfig */ = {isa = PBXFileReference; includeInIndex = 1; lastKnownFileType = text.xcconfig; name = Pods.debug.xcconfig; path = "Pods/Target Support Files/Pods/Pods.debug.xcconfig"; sourceTree = "<group>"; };
		B9F37F4E1AE6FEE000B97CA4 /* line.png */ = {isa = PBXFileReference; lastKnownFileType = image.png; path = line.png; sourceTree = "<group>"; };
		CA442B1539BC4629962DD9E0 /* Pods.release.xcconfig */ = {isa = PBXFileReference; includeInIndex = 1; lastKnownFileType = text.xcconfig; name = Pods.release.xcconfig; path = "Pods/Target Support Files/Pods/Pods.release.xcconfig"; sourceTree = "<group>"; };
/* End PBXFileReference section */

/* Begin PBXFrameworksBuildPhase section */
		80FAE5B11AD33FC0002D9E65 /* Frameworks */ = {
			isa = PBXFrameworksBuildPhase;
			buildActionMask = 2147483647;
			files = (
				551BC6BA1AF0619C004F1E00 /* Social.framework in Frameworks */,
				551BC6B81AF06190004F1E00 /* Accounts.framework in Frameworks */,
				551BC6B61AF06189004F1E00 /* libsqlite3.dylib in Frameworks */,
				551BC6B41AF0615B004F1E00 /* libz.dylib in Frameworks */,
				551BC6B21AF06142004F1E00 /* SystemConfiguration.framework in Frameworks */,
				551BC6B01AF06138004F1E00 /* StoreKit.framework in Frameworks */,
				551BC6AE1AF0612E004F1E00 /* Security.framework in Frameworks */,
				551BC6AC1AF06120004F1E00 /* QuartzCore.framework in Frameworks */,
				551BC6AA1AF06113004F1E00 /* MobileCoreServices.framework in Frameworks */,
				551BC6A81AF060FC004F1E00 /* CoreLocation.framework in Frameworks */,
				551BC6A61AF060F0004F1E00 /* CoreGraphics.framework in Frameworks */,
				551BC6A41AF060E2004F1E00 /* CFNetwork.framework in Frameworks */,
				551BC6A21AF060D6004F1E00 /* AudioToolbox.framework in Frameworks */,
				551BC6A01AF06084004F1E00 /* Bolts.framework in Frameworks */,
				551BC69E1AF0607D004F1E00 /* Parse.framework in Frameworks */,
				D60DB0191D89556BE87F7C0B /* libPods.a in Frameworks */,
			);
			runOnlyForDeploymentPostprocessing = 0;
		};
		80FAE5C61AD33FC0002D9E65 /* Frameworks */ = {
			isa = PBXFrameworksBuildPhase;
			buildActionMask = 2147483647;
			files = (
			);
			runOnlyForDeploymentPostprocessing = 0;
		};
/* End PBXFrameworksBuildPhase section */

/* Begin PBXGroup section */
		7428E9E7D8D5EA3D70368272 /* Frameworks */ = {
			isa = PBXGroup;
			children = (
				551BC6B91AF0619C004F1E00 /* Social.framework */,
				551BC6B71AF06190004F1E00 /* Accounts.framework */,
				551BC6B51AF06189004F1E00 /* libsqlite3.dylib */,
				551BC6B31AF0615B004F1E00 /* libz.dylib */,
				551BC6B11AF06142004F1E00 /* SystemConfiguration.framework */,
				551BC6AF1AF06138004F1E00 /* StoreKit.framework */,
				551BC6AD1AF0612E004F1E00 /* Security.framework */,
				551BC6AB1AF06120004F1E00 /* QuartzCore.framework */,
				551BC6A91AF06113004F1E00 /* MobileCoreServices.framework */,
				551BC6A71AF060FC004F1E00 /* CoreLocation.framework */,
				551BC6A51AF060F0004F1E00 /* CoreGraphics.framework */,
				551BC6A31AF060E2004F1E00 /* CFNetwork.framework */,
				551BC6A11AF060D6004F1E00 /* AudioToolbox.framework */,
				551BC69F1AF06084004F1E00 /* Bolts.framework */,
				551BC69D1AF0607D004F1E00 /* Parse.framework */,
				2998A5F23FB3FFDDD57B5966 /* libPods.a */,
			);
			name = Frameworks;
			sourceTree = "<group>";
		};
<<<<<<< HEAD
		8020606B1AF81A7600EE7916 /* MGSwipeTableCell */ = {
			isa = PBXGroup;
			children = (
				8020606C1AF81A7600EE7916 /* MGSwipeButton.h */,
				8020606D1AF81A7600EE7916 /* MGSwipeButton.m */,
				8020606E1AF81A7600EE7916 /* MGSwipeTableCell.h */,
				8020606F1AF81A7600EE7916 /* MGSwipeTableCell.m */,
			);
			path = MGSwipeTableCell;
			sourceTree = "<group>";
		};
		8025D6711AE2C9EC007B412B /* Images */ = {
			isa = PBXGroup;
			children = (
				802060631AF81A4D00EE7916 /* check@2x.png */,
				802060641AF81A4D00EE7916 /* clock@2x.png */,
				802060651AF81A4D00EE7916 /* cross@2x.png */,
				802060661AF81A4D00EE7916 /* list@2x.png */,
=======
		8025D6711AE2C9EC007B412B /* Images */ = {
			isa = PBXGroup;
			children = (
>>>>>>> origin/master
				8025D6721AE2C9EC007B412B /* ma_leftArrow.png */,
				8025D6731AE2C9EC007B412B /* ma_leftArrow@2x.png */,
				B9F37F4E1AE6FEE000B97CA4 /* line.png */,
				8025D6741AE2C9EC007B412B /* ma_rightArrow.png */,
				8025D6751AE2C9EC007B412B /* ma_rightArrow@2x.png */,
				8025D6761AE2C9EC007B412B /* ma_topBackground.png */,
			);
			path = Images;
			sourceTree = "<group>";
		};
		8025D67C1AE2C9F1007B412B /* Extensions */ = {
			isa = PBXGroup;
			children = (
				8025D67D1AE2C9F1007B412B /* MAEventKitDataSource.h */,
				8025D67E1AE2C9F1007B412B /* MAEventKitDataSource.m */,
			);
			path = Extensions;
			sourceTree = "<group>";
		};
		8025D6801AE2C9F7007B412B /* Views */ = {
			isa = PBXGroup;
			children = (
				8025D6811AE2C9F7007B412B /* MADayView.h */,
				8025D6821AE2C9F7007B412B /* MADayView.m */,
				8025D6831AE2C9F7007B412B /* MAEvent.h */,
				8025D6841AE2C9F7007B412B /* MAEvent.m */,
				8025D6851AE2C9F7007B412B /* MAGridView.h */,
				8025D6861AE2C9F7007B412B /* MAGridView.m */,
				8025D6871AE2C9F7007B412B /* MAWeekView.h */,
				8025D6881AE2C9F7007B412B /* MAWeekView.m */,
				8025D6891AE2C9F7007B412B /* TapDetectingView.h */,
				8025D68A1AE2C9F7007B412B /* TapDetectingView.m */,
			);
			path = Views;
			sourceTree = "<group>";
		};
		80FAE5AB1AD33FC0002D9E65 = {
			isa = PBXGroup;
			children = (
				80FAE5B61AD33FC0002D9E65 /* CalendarSw */,
				80FAE5CC1AD33FC0002D9E65 /* CalendarSwTests */,
				80FAE5B51AD33FC0002D9E65 /* Products */,
				EDEC223DE551911CF655164D /* Pods */,
				7428E9E7D8D5EA3D70368272 /* Frameworks */,
			);
			sourceTree = "<group>";
		};
		80FAE5B51AD33FC0002D9E65 /* Products */ = {
			isa = PBXGroup;
			children = (
				80FAE5B41AD33FC0002D9E65 /* CalendarSw.app */,
				80FAE5C91AD33FC0002D9E65 /* CalendarSwTests.xctest */,
			);
			name = Products;
			sourceTree = "<group>";
		};
		80FAE5B61AD33FC0002D9E65 /* CalendarSw */ = {
			isa = PBXGroup;
			children = (
				801AD9981AF697DF005A3FF4 /* ColorEnum.swift */,
				80FAE5B91AD33FC0002D9E65 /* AppDelegate.swift */,
<<<<<<< HEAD
				802060721AF81B2300EE7916 /* GlobalFunc.swift */,
=======
>>>>>>> origin/master
				80FAE5BB1AD33FC0002D9E65 /* ViewController.swift */,
				8025D6901AE2CA9E007B412B /* DaySmallViewController.swift */,
				8025D6941AE2D3E1007B412B /* DayDetailViewController.swift */,
				801AD9961AF69530005A3FF4 /* NotificationCenterFunc.swift */,
<<<<<<< HEAD
				802060611AF81A3100EE7916 /* MissingTableView.swift */,
=======
>>>>>>> origin/master
				80FAE5BD1AD33FC0002D9E65 /* Main.storyboard */,
				80FAE5C01AD33FC0002D9E65 /* Images.xcassets */,
				80FAE5C21AD33FC0002D9E65 /* LaunchScreen.xib */,
				8082E3281AD3402A00141824 /* JTCalendar_BridgeHeader.h */,
				8025D6921AE2CBCD007B412B /* Singleton.swift */,
<<<<<<< HEAD
				8020606B1AF81A7600EE7916 /* MGSwipeTableCell */,
=======
>>>>>>> origin/master
				8025D6801AE2C9F7007B412B /* Views */,
				8025D67C1AE2C9F1007B412B /* Extensions */,
				8025D6711AE2C9EC007B412B /* Images */,
				80FAE5B71AD33FC0002D9E65 /* Supporting Files */,
			);
			path = CalendarSw;
			sourceTree = "<group>";
		};
		80FAE5B71AD33FC0002D9E65 /* Supporting Files */ = {
			isa = PBXGroup;
			children = (
				80FAE5B81AD33FC0002D9E65 /* Info.plist */,
			);
			name = "Supporting Files";
			sourceTree = "<group>";
		};
		80FAE5CC1AD33FC0002D9E65 /* CalendarSwTests */ = {
			isa = PBXGroup;
			children = (
				80FAE5CF1AD33FC0002D9E65 /* CalendarSwTests.swift */,
				80FAE5CD1AD33FC0002D9E65 /* Supporting Files */,
			);
			path = CalendarSwTests;
			sourceTree = "<group>";
		};
		80FAE5CD1AD33FC0002D9E65 /* Supporting Files */ = {
			isa = PBXGroup;
			children = (
				80FAE5CE1AD33FC0002D9E65 /* Info.plist */,
			);
			name = "Supporting Files";
			sourceTree = "<group>";
		};
		EDEC223DE551911CF655164D /* Pods */ = {
			isa = PBXGroup;
			children = (
				866B887A099315E3541C3B99 /* Pods.debug.xcconfig */,
				CA442B1539BC4629962DD9E0 /* Pods.release.xcconfig */,
			);
			name = Pods;
			sourceTree = "<group>";
		};
/* End PBXGroup section */

/* Begin PBXNativeTarget section */
		80FAE5B31AD33FC0002D9E65 /* CalendarSw */ = {
			isa = PBXNativeTarget;
			buildConfigurationList = 80FAE5D31AD33FC0002D9E65 /* Build configuration list for PBXNativeTarget "CalendarSw" */;
			buildPhases = (
				8CF70822006A0C9DAC7CE3F9 /* Check Pods Manifest.lock */,
				80FAE5B01AD33FC0002D9E65 /* Sources */,
				80FAE5B11AD33FC0002D9E65 /* Frameworks */,
				80FAE5B21AD33FC0002D9E65 /* Resources */,
				0D200591EBC54DDA166E0C37 /* Copy Pods Resources */,
			);
			buildRules = (
			);
			dependencies = (
			);
			name = CalendarSw;
			productName = CalendarSw;
			productReference = 80FAE5B41AD33FC0002D9E65 /* CalendarSw.app */;
			productType = "com.apple.product-type.application";
		};
		80FAE5C81AD33FC0002D9E65 /* CalendarSwTests */ = {
			isa = PBXNativeTarget;
			buildConfigurationList = 80FAE5D61AD33FC0002D9E65 /* Build configuration list for PBXNativeTarget "CalendarSwTests" */;
			buildPhases = (
				80FAE5C51AD33FC0002D9E65 /* Sources */,
				80FAE5C61AD33FC0002D9E65 /* Frameworks */,
				80FAE5C71AD33FC0002D9E65 /* Resources */,
			);
			buildRules = (
			);
			dependencies = (
				80FAE5CB1AD33FC0002D9E65 /* PBXTargetDependency */,
			);
			name = CalendarSwTests;
			productName = CalendarSwTests;
			productReference = 80FAE5C91AD33FC0002D9E65 /* CalendarSwTests.xctest */;
			productType = "com.apple.product-type.bundle.unit-test";
		};
/* End PBXNativeTarget section */

/* Begin PBXProject section */
		80FAE5AC1AD33FC0002D9E65 /* Project object */ = {
			isa = PBXProject;
			attributes = {
				LastUpgradeCheck = 0620;
				ORGANIZATIONNAME = "Shan Shawn";
				TargetAttributes = {
					80FAE5B31AD33FC0002D9E65 = {
						CreatedOnToolsVersion = 6.2;
					};
					80FAE5C81AD33FC0002D9E65 = {
						CreatedOnToolsVersion = 6.2;
						TestTargetID = 80FAE5B31AD33FC0002D9E65;
					};
				};
			};
			buildConfigurationList = 80FAE5AF1AD33FC0002D9E65 /* Build configuration list for PBXProject "CalendarSw" */;
			compatibilityVersion = "Xcode 3.2";
			developmentRegion = English;
			hasScannedForEncodings = 0;
			knownRegions = (
				en,
				Base,
			);
			mainGroup = 80FAE5AB1AD33FC0002D9E65;
			productRefGroup = 80FAE5B51AD33FC0002D9E65 /* Products */;
			projectDirPath = "";
			projectRoot = "";
			targets = (
				80FAE5B31AD33FC0002D9E65 /* CalendarSw */,
				80FAE5C81AD33FC0002D9E65 /* CalendarSwTests */,
			);
		};
/* End PBXProject section */

/* Begin PBXResourcesBuildPhase section */
		80FAE5B21AD33FC0002D9E65 /* Resources */ = {
			isa = PBXResourcesBuildPhase;
			buildActionMask = 2147483647;
			files = (
				8025D6791AE2C9EC007B412B /* ma_rightArrow.png in Resources */,
				80FAE5BF1AD33FC0002D9E65 /* Main.storyboard in Resources */,
				B9F37F4F1AE6FEE000B97CA4 /* line.png in Resources */,
				80FAE5C41AD33FC0002D9E65 /* LaunchScreen.xib in Resources */,
<<<<<<< HEAD
				8020606A1AF81A4D00EE7916 /* list@2x.png in Resources */,
				8025D6771AE2C9EC007B412B /* ma_leftArrow.png in Resources */,
				802060671AF81A4D00EE7916 /* check@2x.png in Resources */,
=======
				8025D6771AE2C9EC007B412B /* ma_leftArrow.png in Resources */,
>>>>>>> origin/master
				8025D6781AE2C9EC007B412B /* ma_leftArrow@2x.png in Resources */,
				8025D67A1AE2C9EC007B412B /* ma_rightArrow@2x.png in Resources */,
				80FAE5C11AD33FC0002D9E65 /* Images.xcassets in Resources */,
				8025D67B1AE2C9EC007B412B /* ma_topBackground.png in Resources */,
<<<<<<< HEAD
				802060681AF81A4D00EE7916 /* clock@2x.png in Resources */,
				802060691AF81A4D00EE7916 /* cross@2x.png in Resources */,
=======
>>>>>>> origin/master
			);
			runOnlyForDeploymentPostprocessing = 0;
		};
		80FAE5C71AD33FC0002D9E65 /* Resources */ = {
			isa = PBXResourcesBuildPhase;
			buildActionMask = 2147483647;
			files = (
			);
			runOnlyForDeploymentPostprocessing = 0;
		};
/* End PBXResourcesBuildPhase section */

/* Begin PBXShellScriptBuildPhase section */
		0D200591EBC54DDA166E0C37 /* Copy Pods Resources */ = {
			isa = PBXShellScriptBuildPhase;
			buildActionMask = 2147483647;
			files = (
			);
			inputPaths = (
			);
			name = "Copy Pods Resources";
			outputPaths = (
			);
			runOnlyForDeploymentPostprocessing = 0;
			shellPath = /bin/sh;
			shellScript = "\"${SRCROOT}/Pods/Target Support Files/Pods/Pods-resources.sh\"\n";
			showEnvVarsInLog = 0;
		};
		8CF70822006A0C9DAC7CE3F9 /* Check Pods Manifest.lock */ = {
			isa = PBXShellScriptBuildPhase;
			buildActionMask = 2147483647;
			files = (
			);
			inputPaths = (
			);
			name = "Check Pods Manifest.lock";
			outputPaths = (
			);
			runOnlyForDeploymentPostprocessing = 0;
			shellPath = /bin/sh;
			shellScript = "diff \"${PODS_ROOT}/../Podfile.lock\" \"${PODS_ROOT}/Manifest.lock\" > /dev/null\nif [[ $? != 0 ]] ; then\n    cat << EOM\nerror: The sandbox is not in sync with the Podfile.lock. Run 'pod install' or update your CocoaPods installation.\nEOM\n    exit 1\nfi\n";
			showEnvVarsInLog = 0;
		};
/* End PBXShellScriptBuildPhase section */

/* Begin PBXSourcesBuildPhase section */
		80FAE5B01AD33FC0002D9E65 /* Sources */ = {
			isa = PBXSourcesBuildPhase;
			buildActionMask = 2147483647;
			files = (
<<<<<<< HEAD
				802060731AF81B2300EE7916 /* GlobalFunc.swift in Sources */,
				8025D68E1AE2C9F7007B412B /* MAWeekView.m in Sources */,
				802060711AF81A7600EE7916 /* MGSwipeTableCell.m in Sources */,
=======
				8025D68E1AE2C9F7007B412B /* MAWeekView.m in Sources */,
>>>>>>> origin/master
				80FAE5BC1AD33FC0002D9E65 /* ViewController.swift in Sources */,
				8025D68B1AE2C9F7007B412B /* MADayView.m in Sources */,
				8025D6951AE2D3E1007B412B /* DayDetailViewController.swift in Sources */,
				8025D6931AE2CBCD007B412B /* Singleton.swift in Sources */,
				8025D68D1AE2C9F7007B412B /* MAGridView.m in Sources */,
				8025D68F1AE2C9F7007B412B /* TapDetectingView.m in Sources */,
				801AD9971AF69530005A3FF4 /* NotificationCenterFunc.swift in Sources */,
				8025D6911AE2CA9E007B412B /* DaySmallViewController.swift in Sources */,
				8025D67F1AE2C9F1007B412B /* MAEventKitDataSource.m in Sources */,
				801AD9991AF697DF005A3FF4 /* ColorEnum.swift in Sources */,
				8025D68C1AE2C9F7007B412B /* MAEvent.m in Sources */,
<<<<<<< HEAD
				802060701AF81A7600EE7916 /* MGSwipeButton.m in Sources */,
				802060621AF81A3100EE7916 /* MissingTableView.swift in Sources */,
=======
>>>>>>> origin/master
				80FAE5BA1AD33FC0002D9E65 /* AppDelegate.swift in Sources */,
			);
			runOnlyForDeploymentPostprocessing = 0;
		};
		80FAE5C51AD33FC0002D9E65 /* Sources */ = {
			isa = PBXSourcesBuildPhase;
			buildActionMask = 2147483647;
			files = (
				80FAE5D01AD33FC0002D9E65 /* CalendarSwTests.swift in Sources */,
			);
			runOnlyForDeploymentPostprocessing = 0;
		};
/* End PBXSourcesBuildPhase section */

/* Begin PBXTargetDependency section */
		80FAE5CB1AD33FC0002D9E65 /* PBXTargetDependency */ = {
			isa = PBXTargetDependency;
			target = 80FAE5B31AD33FC0002D9E65 /* CalendarSw */;
			targetProxy = 80FAE5CA1AD33FC0002D9E65 /* PBXContainerItemProxy */;
		};
/* End PBXTargetDependency section */

/* Begin PBXVariantGroup section */
		80FAE5BD1AD33FC0002D9E65 /* Main.storyboard */ = {
			isa = PBXVariantGroup;
			children = (
				80FAE5BE1AD33FC0002D9E65 /* Base */,
			);
			name = Main.storyboard;
			sourceTree = "<group>";
		};
		80FAE5C21AD33FC0002D9E65 /* LaunchScreen.xib */ = {
			isa = PBXVariantGroup;
			children = (
				80FAE5C31AD33FC0002D9E65 /* Base */,
			);
			name = LaunchScreen.xib;
			sourceTree = "<group>";
		};
/* End PBXVariantGroup section */

/* Begin XCBuildConfiguration section */
		80FAE5D11AD33FC0002D9E65 /* Debug */ = {
			isa = XCBuildConfiguration;
			buildSettings = {
				ALWAYS_SEARCH_USER_PATHS = NO;
				CLANG_CXX_LANGUAGE_STANDARD = "gnu++0x";
				CLANG_CXX_LIBRARY = "libc++";
				CLANG_ENABLE_MODULES = YES;
				CLANG_ENABLE_OBJC_ARC = YES;
				CLANG_WARN_BOOL_CONVERSION = YES;
				CLANG_WARN_CONSTANT_CONVERSION = YES;
				CLANG_WARN_DIRECT_OBJC_ISA_USAGE = YES_ERROR;
				CLANG_WARN_EMPTY_BODY = YES;
				CLANG_WARN_ENUM_CONVERSION = YES;
				CLANG_WARN_INT_CONVERSION = YES;
				CLANG_WARN_OBJC_ROOT_CLASS = YES_ERROR;
				CLANG_WARN_UNREACHABLE_CODE = YES;
				CLANG_WARN__DUPLICATE_METHOD_MATCH = YES;
				"CODE_SIGN_IDENTITY[sdk=iphoneos*]" = "iPhone Developer";
				COPY_PHASE_STRIP = NO;
				ENABLE_STRICT_OBJC_MSGSEND = YES;
				GCC_C_LANGUAGE_STANDARD = gnu99;
				GCC_DYNAMIC_NO_PIC = NO;
				GCC_OPTIMIZATION_LEVEL = 0;
				GCC_PREPROCESSOR_DEFINITIONS = (
					"DEBUG=1",
					"$(inherited)",
				);
				GCC_SYMBOLS_PRIVATE_EXTERN = NO;
				GCC_WARN_64_TO_32_BIT_CONVERSION = YES;
				GCC_WARN_ABOUT_RETURN_TYPE = YES_ERROR;
				GCC_WARN_UNDECLARED_SELECTOR = YES;
				GCC_WARN_UNINITIALIZED_AUTOS = YES_AGGRESSIVE;
				GCC_WARN_UNUSED_FUNCTION = YES;
				GCC_WARN_UNUSED_VARIABLE = YES;
				IPHONEOS_DEPLOYMENT_TARGET = 8.2;
				MTL_ENABLE_DEBUG_INFO = YES;
				ONLY_ACTIVE_ARCH = YES;
				SDKROOT = iphoneos;
				SWIFT_OPTIMIZATION_LEVEL = "-Onone";
				TARGETED_DEVICE_FAMILY = "1,2";
			};
			name = Debug;
		};
		80FAE5D21AD33FC0002D9E65 /* Release */ = {
			isa = XCBuildConfiguration;
			buildSettings = {
				ALWAYS_SEARCH_USER_PATHS = NO;
				CLANG_CXX_LANGUAGE_STANDARD = "gnu++0x";
				CLANG_CXX_LIBRARY = "libc++";
				CLANG_ENABLE_MODULES = YES;
				CLANG_ENABLE_OBJC_ARC = YES;
				CLANG_WARN_BOOL_CONVERSION = YES;
				CLANG_WARN_CONSTANT_CONVERSION = YES;
				CLANG_WARN_DIRECT_OBJC_ISA_USAGE = YES_ERROR;
				CLANG_WARN_EMPTY_BODY = YES;
				CLANG_WARN_ENUM_CONVERSION = YES;
				CLANG_WARN_INT_CONVERSION = YES;
				CLANG_WARN_OBJC_ROOT_CLASS = YES_ERROR;
				CLANG_WARN_UNREACHABLE_CODE = YES;
				CLANG_WARN__DUPLICATE_METHOD_MATCH = YES;
				"CODE_SIGN_IDENTITY[sdk=iphoneos*]" = "iPhone Developer";
				COPY_PHASE_STRIP = NO;
				ENABLE_NS_ASSERTIONS = NO;
				ENABLE_STRICT_OBJC_MSGSEND = YES;
				GCC_C_LANGUAGE_STANDARD = gnu99;
				GCC_WARN_64_TO_32_BIT_CONVERSION = YES;
				GCC_WARN_ABOUT_RETURN_TYPE = YES_ERROR;
				GCC_WARN_UNDECLARED_SELECTOR = YES;
				GCC_WARN_UNINITIALIZED_AUTOS = YES_AGGRESSIVE;
				GCC_WARN_UNUSED_FUNCTION = YES;
				GCC_WARN_UNUSED_VARIABLE = YES;
				IPHONEOS_DEPLOYMENT_TARGET = 8.2;
				MTL_ENABLE_DEBUG_INFO = NO;
				SDKROOT = iphoneos;
				TARGETED_DEVICE_FAMILY = "1,2";
				VALIDATE_PRODUCT = YES;
			};
			name = Release;
		};
		80FAE5D41AD33FC0002D9E65 /* Debug */ = {
			isa = XCBuildConfiguration;
			baseConfigurationReference = 866B887A099315E3541C3B99 /* Pods.debug.xcconfig */;
			buildSettings = {
				ASSETCATALOG_COMPILER_APPICON_NAME = AppIcon;
				FRAMEWORK_SEARCH_PATHS = (
					"$(inherited)",
					"$(PROJECT_DIR)",
				);
				INFOPLIST_FILE = CalendarSw/Info.plist;
				LD_RUNPATH_SEARCH_PATHS = "$(inherited) @executable_path/Frameworks";
				PRODUCT_NAME = "$(TARGET_NAME)";
				SWIFT_OBJC_BRIDGING_HEADER = JTCalendar_BridgeHeader.h;
			};
			name = Debug;
		};
		80FAE5D51AD33FC0002D9E65 /* Release */ = {
			isa = XCBuildConfiguration;
			baseConfigurationReference = CA442B1539BC4629962DD9E0 /* Pods.release.xcconfig */;
			buildSettings = {
				ASSETCATALOG_COMPILER_APPICON_NAME = AppIcon;
				FRAMEWORK_SEARCH_PATHS = (
					"$(inherited)",
					"$(PROJECT_DIR)",
				);
				INFOPLIST_FILE = CalendarSw/Info.plist;
				LD_RUNPATH_SEARCH_PATHS = "$(inherited) @executable_path/Frameworks";
				PRODUCT_NAME = "$(TARGET_NAME)";
				SWIFT_OBJC_BRIDGING_HEADER = JTCalendar_BridgeHeader.h;
			};
			name = Release;
		};
		80FAE5D71AD33FC0002D9E65 /* Debug */ = {
			isa = XCBuildConfiguration;
			buildSettings = {
				BUNDLE_LOADER = "$(TEST_HOST)";
				FRAMEWORK_SEARCH_PATHS = (
					"$(SDKROOT)/Developer/Library/Frameworks",
					"$(inherited)",
				);
				GCC_PREPROCESSOR_DEFINITIONS = (
					"DEBUG=1",
					"$(inherited)",
				);
				INFOPLIST_FILE = CalendarSwTests/Info.plist;
				LD_RUNPATH_SEARCH_PATHS = "$(inherited) @executable_path/Frameworks @loader_path/Frameworks";
				PRODUCT_NAME = "$(TARGET_NAME)";
				TEST_HOST = "$(BUILT_PRODUCTS_DIR)/CalendarSw.app/CalendarSw";
			};
			name = Debug;
		};
		80FAE5D81AD33FC0002D9E65 /* Release */ = {
			isa = XCBuildConfiguration;
			buildSettings = {
				BUNDLE_LOADER = "$(TEST_HOST)";
				FRAMEWORK_SEARCH_PATHS = (
					"$(SDKROOT)/Developer/Library/Frameworks",
					"$(inherited)",
				);
				INFOPLIST_FILE = CalendarSwTests/Info.plist;
				LD_RUNPATH_SEARCH_PATHS = "$(inherited) @executable_path/Frameworks @loader_path/Frameworks";
				PRODUCT_NAME = "$(TARGET_NAME)";
				TEST_HOST = "$(BUILT_PRODUCTS_DIR)/CalendarSw.app/CalendarSw";
			};
			name = Release;
		};
/* End XCBuildConfiguration section */

/* Begin XCConfigurationList section */
		80FAE5AF1AD33FC0002D9E65 /* Build configuration list for PBXProject "CalendarSw" */ = {
			isa = XCConfigurationList;
			buildConfigurations = (
				80FAE5D11AD33FC0002D9E65 /* Debug */,
				80FAE5D21AD33FC0002D9E65 /* Release */,
			);
			defaultConfigurationIsVisible = 0;
			defaultConfigurationName = Release;
		};
		80FAE5D31AD33FC0002D9E65 /* Build configuration list for PBXNativeTarget "CalendarSw" */ = {
			isa = XCConfigurationList;
			buildConfigurations = (
				80FAE5D41AD33FC0002D9E65 /* Debug */,
				80FAE5D51AD33FC0002D9E65 /* Release */,
			);
			defaultConfigurationIsVisible = 0;
			defaultConfigurationName = Release;
		};
		80FAE5D61AD33FC0002D9E65 /* Build configuration list for PBXNativeTarget "CalendarSwTests" */ = {
			isa = XCConfigurationList;
			buildConfigurations = (
				80FAE5D71AD33FC0002D9E65 /* Debug */,
				80FAE5D81AD33FC0002D9E65 /* Release */,
			);
			defaultConfigurationIsVisible = 0;
			defaultConfigurationName = Release;
		};
/* End XCConfigurationList section */
	};
	rootObject = 80FAE5AC1AD33FC0002D9E65 /* Project object */;
}
